// !$*UTF8*$!
{
	archiveVersion = 1;
	classes = {
	};
	objectVersion = 50;
	objects = {

/* Begin PBXBuildFile section */
		7436AA1A264A68C4006E398E /* AppDelegate.swift in Sources */ = {isa = PBXBuildFile; fileRef = 7436AA19264A68C4006E398E /* AppDelegate.swift */; };
		7436AA1C264A68C4006E398E /* SceneDelegate.swift in Sources */ = {isa = PBXBuildFile; fileRef = 7436AA1B264A68C4006E398E /* SceneDelegate.swift */; };
		7436AA1E264A68C4006E398E /* ViewController.swift in Sources */ = {isa = PBXBuildFile; fileRef = 7436AA1D264A68C4006E398E /* ViewController.swift */; };
		7436AA21264A68C4006E398E /* Main.storyboard in Resources */ = {isa = PBXBuildFile; fileRef = 7436AA1F264A68C4006E398E /* Main.storyboard */; };
		7436AA23264A68C7006E398E /* Assets.xcassets in Resources */ = {isa = PBXBuildFile; fileRef = 7436AA22264A68C7006E398E /* Assets.xcassets */; };
		7436AA26264A68C7006E398E /* LaunchScreen.storyboard in Resources */ = {isa = PBXBuildFile; fileRef = 7436AA24264A68C7006E398E /* LaunchScreen.storyboard */; };
		7436AA31264A68C8006E398E /* ARKit_BeginnerTests.swift in Sources */ = {isa = PBXBuildFile; fileRef = 7436AA30264A68C8006E398E /* ARKit_BeginnerTests.swift */; };
		7436AA3C264A68C8006E398E /* ARKit_BeginnerUITests.swift in Sources */ = {isa = PBXBuildFile; fileRef = 7436AA3B264A68C8006E398E /* ARKit_BeginnerUITests.swift */; };
/* End PBXBuildFile section */

/* Begin PBXContainerItemProxy section */
		7436AA2D264A68C8006E398E /* PBXContainerItemProxy */ = {
			isa = PBXContainerItemProxy;
			containerPortal = 7436AA0E264A68C4006E398E /* Project object */;
			proxyType = 1;
			remoteGlobalIDString = 7436AA15264A68C4006E398E;
			remoteInfo = "ARKit Beginner";
		};
		7436AA38264A68C8006E398E /* PBXContainerItemProxy */ = {
			isa = PBXContainerItemProxy;
			containerPortal = 7436AA0E264A68C4006E398E /* Project object */;
			proxyType = 1;
			remoteGlobalIDString = 7436AA15264A68C4006E398E;
			remoteInfo = "ARKit Beginner";
		};
/* End PBXContainerItemProxy section */

/* Begin PBXFileReference section */
		7436AA16264A68C4006E398E /* ARKit Beginner.app */ = {isa = PBXFileReference; explicitFileType = wrapper.application; includeInIndex = 0; path = "ARKit Beginner.app"; sourceTree = BUILT_PRODUCTS_DIR; };
		7436AA19264A68C4006E398E /* AppDelegate.swift */ = {isa = PBXFileReference; lastKnownFileType = sourcecode.swift; path = AppDelegate.swift; sourceTree = "<group>"; };
		7436AA1B264A68C4006E398E /* SceneDelegate.swift */ = {isa = PBXFileReference; lastKnownFileType = sourcecode.swift; path = SceneDelegate.swift; sourceTree = "<group>"; };
		7436AA1D264A68C4006E398E /* ViewController.swift */ = {isa = PBXFileReference; lastKnownFileType = sourcecode.swift; path = ViewController.swift; sourceTree = "<group>"; };
		7436AA20264A68C4006E398E /* Base */ = {isa = PBXFileReference; lastKnownFileType = file.storyboard; name = Base; path = Base.lproj/Main.storyboard; sourceTree = "<group>"; };
		7436AA22264A68C7006E398E /* Assets.xcassets */ = {isa = PBXFileReference; lastKnownFileType = folder.assetcatalog; path = Assets.xcassets; sourceTree = "<group>"; };
		7436AA25264A68C7006E398E /* Base */ = {isa = PBXFileReference; lastKnownFileType = file.storyboard; name = Base; path = Base.lproj/LaunchScreen.storyboard; sourceTree = "<group>"; };
		7436AA27264A68C7006E398E /* Info.plist */ = {isa = PBXFileReference; lastKnownFileType = text.plist.xml; path = Info.plist; sourceTree = "<group>"; };
		7436AA2C264A68C8006E398E /* ARKit BeginnerTests.xctest */ = {isa = PBXFileReference; explicitFileType = wrapper.cfbundle; includeInIndex = 0; path = "ARKit BeginnerTests.xctest"; sourceTree = BUILT_PRODUCTS_DIR; };
		7436AA30264A68C8006E398E /* ARKit_BeginnerTests.swift */ = {isa = PBXFileReference; lastKnownFileType = sourcecode.swift; path = ARKit_BeginnerTests.swift; sourceTree = "<group>"; };
		7436AA32264A68C8006E398E /* Info.plist */ = {isa = PBXFileReference; lastKnownFileType = text.plist.xml; path = Info.plist; sourceTree = "<group>"; };
		7436AA37264A68C8006E398E /* ARKit BeginnerUITests.xctest */ = {isa = PBXFileReference; explicitFileType = wrapper.cfbundle; includeInIndex = 0; path = "ARKit BeginnerUITests.xctest"; sourceTree = BUILT_PRODUCTS_DIR; };
		7436AA3B264A68C8006E398E /* ARKit_BeginnerUITests.swift */ = {isa = PBXFileReference; lastKnownFileType = sourcecode.swift; path = ARKit_BeginnerUITests.swift; sourceTree = "<group>"; };
		7436AA3D264A68C8006E398E /* Info.plist */ = {isa = PBXFileReference; lastKnownFileType = text.plist.xml; path = Info.plist; sourceTree = "<group>"; };
/* End PBXFileReference section */

/* Begin PBXFrameworksBuildPhase section */
		7436AA13264A68C4006E398E /* Frameworks */ = {
			isa = PBXFrameworksBuildPhase;
			buildActionMask = 2147483647;
			files = (
			);
			runOnlyForDeploymentPostprocessing = 0;
		};
		7436AA29264A68C8006E398E /* Frameworks */ = {
			isa = PBXFrameworksBuildPhase;
			buildActionMask = 2147483647;
			files = (
			);
			runOnlyForDeploymentPostprocessing = 0;
		};
		7436AA34264A68C8006E398E /* Frameworks */ = {
			isa = PBXFrameworksBuildPhase;
			buildActionMask = 2147483647;
			files = (
			);
			runOnlyForDeploymentPostprocessing = 0;
		};
/* End PBXFrameworksBuildPhase section */

/* Begin PBXGroup section */
		7436AA0D264A68C4006E398E = {
			isa = PBXGroup;
			children = (
				7436AA18264A68C4006E398E /* ARKit Beginner */,
				7436AA2F264A68C8006E398E /* ARKit BeginnerTests */,
				7436AA3A264A68C8006E398E /* ARKit BeginnerUITests */,
				7436AA17264A68C4006E398E /* Products */,
			);
			sourceTree = "<group>";
		};
		7436AA17264A68C4006E398E /* Products */ = {
			isa = PBXGroup;
			children = (
				7436AA16264A68C4006E398E /* ARKit Beginner.app */,
				7436AA2C264A68C8006E398E /* ARKit BeginnerTests.xctest */,
				7436AA37264A68C8006E398E /* ARKit BeginnerUITests.xctest */,
			);
			name = Products;
			sourceTree = "<group>";
		};
		7436AA18264A68C4006E398E /* ARKit Beginner */ = {
			isa = PBXGroup;
			children = (
				7436AA19264A68C4006E398E /* AppDelegate.swift */,
				7436AA1B264A68C4006E398E /* SceneDelegate.swift */,
				7436AA1D264A68C4006E398E /* ViewController.swift */,
				7436AA1F264A68C4006E398E /* Main.storyboard */,
				7436AA22264A68C7006E398E /* Assets.xcassets */,
				7436AA24264A68C7006E398E /* LaunchScreen.storyboard */,
				7436AA27264A68C7006E398E /* Info.plist */,
			);
			path = "ARKit Beginner";
			sourceTree = "<group>";
		};
		7436AA2F264A68C8006E398E /* ARKit BeginnerTests */ = {
			isa = PBXGroup;
			children = (
				7436AA30264A68C8006E398E /* ARKit_BeginnerTests.swift */,
				7436AA32264A68C8006E398E /* Info.plist */,
			);
			path = "ARKit BeginnerTests";
			sourceTree = "<group>";
		};
		7436AA3A264A68C8006E398E /* ARKit BeginnerUITests */ = {
			isa = PBXGroup;
			children = (
				7436AA3B264A68C8006E398E /* ARKit_BeginnerUITests.swift */,
				7436AA3D264A68C8006E398E /* Info.plist */,
			);
			path = "ARKit BeginnerUITests";
			sourceTree = "<group>";
		};
/* End PBXGroup section */

/* Begin PBXNativeTarget section */
		7436AA15264A68C4006E398E /* ARKit Beginner */ = {
			isa = PBXNativeTarget;
			buildConfigurationList = 7436AA40264A68C8006E398E /* Build configuration list for PBXNativeTarget "ARKit Beginner" */;
			buildPhases = (
				7436AA12264A68C4006E398E /* Sources */,
				7436AA13264A68C4006E398E /* Frameworks */,
				7436AA14264A68C4006E398E /* Resources */,
			);
			buildRules = (
			);
			dependencies = (
			);
			name = "ARKit Beginner";
			productName = "ARKit Beginner";
			productReference = 7436AA16264A68C4006E398E /* ARKit Beginner.app */;
			productType = "com.apple.product-type.application";
		};
		7436AA2B264A68C8006E398E /* ARKit BeginnerTests */ = {
			isa = PBXNativeTarget;
			buildConfigurationList = 7436AA43264A68C8006E398E /* Build configuration list for PBXNativeTarget "ARKit BeginnerTests" */;
			buildPhases = (
				7436AA28264A68C8006E398E /* Sources */,
				7436AA29264A68C8006E398E /* Frameworks */,
				7436AA2A264A68C8006E398E /* Resources */,
			);
			buildRules = (
			);
			dependencies = (
				7436AA2E264A68C8006E398E /* PBXTargetDependency */,
			);
			name = "ARKit BeginnerTests";
			productName = "ARKit BeginnerTests";
			productReference = 7436AA2C264A68C8006E398E /* ARKit BeginnerTests.xctest */;
			productType = "com.apple.product-type.bundle.unit-test";
		};
		7436AA36264A68C8006E398E /* ARKit BeginnerUITests */ = {
			isa = PBXNativeTarget;
			buildConfigurationList = 7436AA46264A68C8006E398E /* Build configuration list for PBXNativeTarget "ARKit BeginnerUITests" */;
			buildPhases = (
				7436AA33264A68C8006E398E /* Sources */,
				7436AA34264A68C8006E398E /* Frameworks */,
				7436AA35264A68C8006E398E /* Resources */,
			);
			buildRules = (
			);
			dependencies = (
				7436AA39264A68C8006E398E /* PBXTargetDependency */,
			);
			name = "ARKit BeginnerUITests";
			productName = "ARKit BeginnerUITests";
			productReference = 7436AA37264A68C8006E398E /* ARKit BeginnerUITests.xctest */;
			productType = "com.apple.product-type.bundle.ui-testing";
		};
/* End PBXNativeTarget section */

/* Begin PBXProject section */
		7436AA0E264A68C4006E398E /* Project object */ = {
			isa = PBXProject;
			attributes = {
				LastSwiftUpdateCheck = 1240;
				LastUpgradeCheck = 1240;
				TargetAttributes = {
					7436AA15264A68C4006E398E = {
						CreatedOnToolsVersion = 12.4;
					};
					7436AA2B264A68C8006E398E = {
						CreatedOnToolsVersion = 12.4;
						TestTargetID = 7436AA15264A68C4006E398E;
					};
					7436AA36264A68C8006E398E = {
						CreatedOnToolsVersion = 12.4;
						TestTargetID = 7436AA15264A68C4006E398E;
					};
				};
			};
			buildConfigurationList = 7436AA11264A68C4006E398E /* Build configuration list for PBXProject "ARKit Beginner" */;
			compatibilityVersion = "Xcode 9.3";
			developmentRegion = en;
			hasScannedForEncodings = 0;
			knownRegions = (
				en,
				Base,
			);
			mainGroup = 7436AA0D264A68C4006E398E;
			productRefGroup = 7436AA17264A68C4006E398E /* Products */;
			projectDirPath = "";
			projectRoot = "";
			targets = (
				7436AA15264A68C4006E398E /* ARKit Beginner */,
				7436AA2B264A68C8006E398E /* ARKit BeginnerTests */,
				7436AA36264A68C8006E398E /* ARKit BeginnerUITests */,
			);
		};
/* End PBXProject section */

/* Begin PBXResourcesBuildPhase section */
		7436AA14264A68C4006E398E /* Resources */ = {
			isa = PBXResourcesBuildPhase;
			buildActionMask = 2147483647;
			files = (
				7436AA26264A68C7006E398E /* LaunchScreen.storyboard in Resources */,
				7436AA23264A68C7006E398E /* Assets.xcassets in Resources */,
				7436AA21264A68C4006E398E /* Main.storyboard in Resources */,
			);
			runOnlyForDeploymentPostprocessing = 0;
		};
		7436AA2A264A68C8006E398E /* Resources */ = {
			isa = PBXResourcesBuildPhase;
			buildActionMask = 2147483647;
			files = (
			);
			runOnlyForDeploymentPostprocessing = 0;
		};
		7436AA35264A68C8006E398E /* Resources */ = {
			isa = PBXResourcesBuildPhase;
			buildActionMask = 2147483647;
			files = (
			);
			runOnlyForDeploymentPostprocessing = 0;
		};
/* End PBXResourcesBuildPhase section */

/* Begin PBXSourcesBuildPhase section */
		7436AA12264A68C4006E398E /* Sources */ = {
			isa = PBXSourcesBuildPhase;
			buildActionMask = 2147483647;
			files = (
				7436AA1E264A68C4006E398E /* ViewController.swift in Sources */,
				7436AA1A264A68C4006E398E /* AppDelegate.swift in Sources */,
				7436AA1C264A68C4006E398E /* SceneDelegate.swift in Sources */,
			);
			runOnlyForDeploymentPostprocessing = 0;
		};
		7436AA28264A68C8006E398E /* Sources */ = {
			isa = PBXSourcesBuildPhase;
			buildActionMask = 2147483647;
			files = (
				7436AA31264A68C8006E398E /* ARKit_BeginnerTests.swift in Sources */,
			);
			runOnlyForDeploymentPostprocessing = 0;
		};
		7436AA33264A68C8006E398E /* Sources */ = {
			isa = PBXSourcesBuildPhase;
			buildActionMask = 2147483647;
			files = (
				7436AA3C264A68C8006E398E /* ARKit_BeginnerUITests.swift in Sources */,
			);
			runOnlyForDeploymentPostprocessing = 0;
		};
/* End PBXSourcesBuildPhase section */

/* Begin PBXTargetDependency section */
		7436AA2E264A68C8006E398E /* PBXTargetDependency */ = {
			isa = PBXTargetDependency;
			target = 7436AA15264A68C4006E398E /* ARKit Beginner */;
			targetProxy = 7436AA2D264A68C8006E398E /* PBXContainerItemProxy */;
		};
		7436AA39264A68C8006E398E /* PBXTargetDependency */ = {
			isa = PBXTargetDependency;
			target = 7436AA15264A68C4006E398E /* ARKit Beginner */;
			targetProxy = 7436AA38264A68C8006E398E /* PBXContainerItemProxy */;
		};
/* End PBXTargetDependency section */

/* Begin PBXVariantGroup section */
		7436AA1F264A68C4006E398E /* Main.storyboard */ = {
			isa = PBXVariantGroup;
			children = (
				7436AA20264A68C4006E398E /* Base */,
			);
			name = Main.storyboard;
			sourceTree = "<group>";
		};
		7436AA24264A68C7006E398E /* LaunchScreen.storyboard */ = {
			isa = PBXVariantGroup;
			children = (
				7436AA25264A68C7006E398E /* Base */,
			);
			name = LaunchScreen.storyboard;
			sourceTree = "<group>";
		};
/* End PBXVariantGroup section */

/* Begin XCBuildConfiguration section */
		7436AA3E264A68C8006E398E /* Debug */ = {
			isa = XCBuildConfiguration;
			buildSettings = {
				ALWAYS_SEARCH_USER_PATHS = NO;
				CLANG_ANALYZER_NONNULL = YES;
				CLANG_ANALYZER_NUMBER_OBJECT_CONVERSION = YES_AGGRESSIVE;
				CLANG_CXX_LANGUAGE_STANDARD = "gnu++14";
				CLANG_CXX_LIBRARY = "libc++";
				CLANG_ENABLE_MODULES = YES;
				CLANG_ENABLE_OBJC_ARC = YES;
				CLANG_ENABLE_OBJC_WEAK = YES;
				CLANG_WARN_BLOCK_CAPTURE_AUTORELEASING = YES;
				CLANG_WARN_BOOL_CONVERSION = YES;
				CLANG_WARN_COMMA = YES;
				CLANG_WARN_CONSTANT_CONVERSION = YES;
				CLANG_WARN_DEPRECATED_OBJC_IMPLEMENTATIONS = YES;
				CLANG_WARN_DIRECT_OBJC_ISA_USAGE = YES_ERROR;
				CLANG_WARN_DOCUMENTATION_COMMENTS = YES;
				CLANG_WARN_EMPTY_BODY = YES;
				CLANG_WARN_ENUM_CONVERSION = YES;
				CLANG_WARN_INFINITE_RECURSION = YES;
				CLANG_WARN_INT_CONVERSION = YES;
				CLANG_WARN_NON_LITERAL_NULL_CONVERSION = YES;
				CLANG_WARN_OBJC_IMPLICIT_RETAIN_SELF = YES;
				CLANG_WARN_OBJC_LITERAL_CONVERSION = YES;
				CLANG_WARN_OBJC_ROOT_CLASS = YES_ERROR;
				CLANG_WARN_QUOTED_INCLUDE_IN_FRAMEWORK_HEADER = YES;
				CLANG_WARN_RANGE_LOOP_ANALYSIS = YES;
				CLANG_WARN_STRICT_PROTOTYPES = YES;
				CLANG_WARN_SUSPICIOUS_MOVE = YES;
				CLANG_WARN_UNGUARDED_AVAILABILITY = YES_AGGRESSIVE;
				CLANG_WARN_UNREACHABLE_CODE = YES;
				CLANG_WARN__DUPLICATE_METHOD_MATCH = YES;
				COPY_PHASE_STRIP = NO;
				DEBUG_INFORMATION_FORMAT = dwarf;
				ENABLE_STRICT_OBJC_MSGSEND = YES;
				ENABLE_TESTABILITY = YES;
				GCC_C_LANGUAGE_STANDARD = gnu11;
				GCC_DYNAMIC_NO_PIC = NO;
				GCC_NO_COMMON_BLOCKS = YES;
				GCC_OPTIMIZATION_LEVEL = 0;
				GCC_PREPROCESSOR_DEFINITIONS = (
					"DEBUG=1",
					"$(inherited)",
				);
				GCC_WARN_64_TO_32_BIT_CONVERSION = YES;
				GCC_WARN_ABOUT_RETURN_TYPE = YES_ERROR;
				GCC_WARN_UNDECLARED_SELECTOR = YES;
				GCC_WARN_UNINITIALIZED_AUTOS = YES_AGGRESSIVE;
				GCC_WARN_UNUSED_FUNCTION = YES;
				GCC_WARN_UNUSED_VARIABLE = YES;
				IPHONEOS_DEPLOYMENT_TARGET = 14.4;
				MTL_ENABLE_DEBUG_INFO = INCLUDE_SOURCE;
				MTL_FAST_MATH = YES;
				ONLY_ACTIVE_ARCH = YES;
				SDKROOT = iphoneos;
				SWIFT_ACTIVE_COMPILATION_CONDITIONS = DEBUG;
				SWIFT_OPTIMIZATION_LEVEL = "-Onone";
			};
			name = Debug;
		};
		7436AA3F264A68C8006E398E /* Release */ = {
			isa = XCBuildConfiguration;
			buildSettings = {
				ALWAYS_SEARCH_USER_PATHS = NO;
				CLANG_ANALYZER_NONNULL = YES;
				CLANG_ANALYZER_NUMBER_OBJECT_CONVERSION = YES_AGGRESSIVE;
				CLANG_CXX_LANGUAGE_STANDARD = "gnu++14";
				CLANG_CXX_LIBRARY = "libc++";
				CLANG_ENABLE_MODULES = YES;
				CLANG_ENABLE_OBJC_ARC = YES;
				CLANG_ENABLE_OBJC_WEAK = YES;
				CLANG_WARN_BLOCK_CAPTURE_AUTORELEASING = YES;
				CLANG_WARN_BOOL_CONVERSION = YES;
				CLANG_WARN_COMMA = YES;
				CLANG_WARN_CONSTANT_CONVERSION = YES;
				CLANG_WARN_DEPRECATED_OBJC_IMPLEMENTATIONS = YES;
				CLANG_WARN_DIRECT_OBJC_ISA_USAGE = YES_ERROR;
				CLANG_WARN_DOCUMENTATION_COMMENTS = YES;
				CLANG_WARN_EMPTY_BODY = YES;
				CLANG_WARN_ENUM_CONVERSION = YES;
				CLANG_WARN_INFINITE_RECURSION = YES;
				CLANG_WARN_INT_CONVERSION = YES;
				CLANG_WARN_NON_LITERAL_NULL_CONVERSION = YES;
				CLANG_WARN_OBJC_IMPLICIT_RETAIN_SELF = YES;
				CLANG_WARN_OBJC_LITERAL_CONVERSION = YES;
				CLANG_WARN_OBJC_ROOT_CLASS = YES_ERROR;
				CLANG_WARN_QUOTED_INCLUDE_IN_FRAMEWORK_HEADER = YES;
				CLANG_WARN_RANGE_LOOP_ANALYSIS = YES;
				CLANG_WARN_STRICT_PROTOTYPES = YES;
				CLANG_WARN_SUSPICIOUS_MOVE = YES;
				CLANG_WARN_UNGUARDED_AVAILABILITY = YES_AGGRESSIVE;
				CLANG_WARN_UNREACHABLE_CODE = YES;
				CLANG_WARN__DUPLICATE_METHOD_MATCH = YES;
				COPY_PHASE_STRIP = NO;
				DEBUG_INFORMATION_FORMAT = "dwarf-with-dsym";
				ENABLE_NS_ASSERTIONS = NO;
				ENABLE_STRICT_OBJC_MSGSEND = YES;
				GCC_C_LANGUAGE_STANDARD = gnu11;
				GCC_NO_COMMON_BLOCKS = YES;
				GCC_WARN_64_TO_32_BIT_CONVERSION = YES;
				GCC_WARN_ABOUT_RETURN_TYPE = YES_ERROR;
				GCC_WARN_UNDECLARED_SELECTOR = YES;
				GCC_WARN_UNINITIALIZED_AUTOS = YES_AGGRESSIVE;
				GCC_WARN_UNUSED_FUNCTION = YES;
				GCC_WARN_UNUSED_VARIABLE = YES;
				IPHONEOS_DEPLOYMENT_TARGET = 14.4;
				MTL_ENABLE_DEBUG_INFO = NO;
				MTL_FAST_MATH = YES;
				SDKROOT = iphoneos;
				SWIFT_COMPILATION_MODE = wholemodule;
				SWIFT_OPTIMIZATION_LEVEL = "-O";
				VALIDATE_PRODUCT = YES;
			};
			name = Release;
		};
		7436AA41264A68C8006E398E /* Debug */ = {
			isa = XCBuildConfiguration;
			buildSettings = {
				ASSETCATALOG_COMPILER_APPICON_NAME = AppIcon;
				ASSETCATALOG_COMPILER_GLOBAL_ACCENT_COLOR_NAME = AccentColor;
				CODE_SIGN_STYLE = Automatic;
				INFOPLIST_FILE = "ARKit Beginner/Info.plist";
				LD_RUNPATH_SEARCH_PATHS = (
					"$(inherited)",
					"@executable_path/Frameworks",
				);
				PRODUCT_BUNDLE_IDENTIFIER = "com.krishna.ARKit-Beginner";
				PRODUCT_NAME = "$(TARGET_NAME)";
				SWIFT_VERSION = 5.0;
				TARGETED_DEVICE_FAMILY = "1,2";
			};
			name = Debug;
		};
		7436AA42264A68C8006E398E /* Release */ = {
			isa = XCBuildConfiguration;
			buildSettings = {
				ASSETCATALOG_COMPILER_APPICON_NAME = AppIcon;
				ASSETCATALOG_COMPILER_GLOBAL_ACCENT_COLOR_NAME = AccentColor;
				CODE_SIGN_STYLE = Automatic;
				INFOPLIST_FILE = "ARKit Beginner/Info.plist";
				LD_RUNPATH_SEARCH_PATHS = (
					"$(inherited)",
					"@executable_path/Frameworks",
				);
				PRODUCT_BUNDLE_IDENTIFIER = "com.krishna.ARKit-Beginner";
				PRODUCT_NAME = "$(TARGET_NAME)";
				SWIFT_VERSION = 5.0;
				TARGETED_DEVICE_FAMILY = "1,2";
			};
			name = Release;
		};
		7436AA44264A68C8006E398E /* Debug */ = {
			isa = XCBuildConfiguration;
			buildSettings = {
				ALWAYS_EMBED_SWIFT_STANDARD_LIBRARIES = YES;
				BUNDLE_LOADER = "$(TEST_HOST)";
				CODE_SIGN_STYLE = Automatic;
				INFOPLIST_FILE = "ARKit BeginnerTests/Info.plist";
				IPHONEOS_DEPLOYMENT_TARGET = 14.4;
				LD_RUNPATH_SEARCH_PATHS = (
					"$(inherited)",
					"@executable_path/Frameworks",
					"@loader_path/Frameworks",
				);
				PRODUCT_BUNDLE_IDENTIFIER = "com.krishna.ARKit-BeginnerTests";
				PRODUCT_NAME = "$(TARGET_NAME)";
				SWIFT_VERSION = 5.0;
				TARGETED_DEVICE_FAMILY = "1,2";
				TEST_HOST = "$(BUILT_PRODUCTS_DIR)/ARKit Beginner.app/ARKit Beginner";
			};
			name = Debug;
		};
		7436AA45264A68C8006E398E /* Release */ = {
			isa = XCBuildConfiguration;
			buildSettings = {
				ALWAYS_EMBED_SWIFT_STANDARD_LIBRARIES = YES;
				BUNDLE_LOADER = "$(TEST_HOST)";
				CODE_SIGN_STYLE = Automatic;
				INFOPLIST_FILE = "ARKit BeginnerTests/Info.plist";
				IPHONEOS_DEPLOYMENT_TARGET = 14.4;
				LD_RUNPATH_SEARCH_PATHS = (
					"$(inherited)",
					"@executable_path/Frameworks",
					"@loader_path/Frameworks",
				);
				PRODUCT_BUNDLE_IDENTIFIER = "com.krishna.ARKit-BeginnerTests";
				PRODUCT_NAME = "$(TARGET_NAME)";
				SWIFT_VERSION = 5.0;
				TARGETED_DEVICE_FAMILY = "1,2";
				TEST_HOST = "$(BUILT_PRODUCTS_DIR)/ARKit Beginner.app/ARKit Beginner";
			};
			name = Release;
		};
		7436AA47264A68C8006E398E /* Debug */ = {
			isa = XCBuildConfiguration;
			buildSettings = {
				ALWAYS_EMBED_SWIFT_STANDARD_LIBRARIES = YES;
				CODE_SIGN_STYLE = Automatic;
				INFOPLIST_FILE = "ARKit BeginnerUITests/Info.plist";
				LD_RUNPATH_SEARCH_PATHS = (
					"$(inherited)",
					"@executable_path/Frameworks",
					"@loader_path/Frameworks",
				);
				PRODUCT_BUNDLE_IDENTIFIER = "com.krishna.ARKit-BeginnerUITests";
				PRODUCT_NAME = "$(TARGET_NAME)";
				SWIFT_VERSION = 5.0;
				TARGETED_DEVICE_FAMILY = "1,2";
				TEST_TARGET_NAME = "ARKit Beginner";
			};
			name = Debug;
		};
		7436AA48264A68C8006E398E /* Release */ = {
			isa = XCBuildConfiguration;
			buildSettings = {
				ALWAYS_EMBED_SWIFT_STANDARD_LIBRARIES = YES;
				CODE_SIGN_STYLE = Automatic;
				INFOPLIST_FILE = "ARKit BeginnerUITests/Info.plist";
				LD_RUNPATH_SEARCH_PATHS = (
					"$(inherited)",
					"@executable_path/Frameworks",
					"@loader_path/Frameworks",
				);
				PRODUCT_BUNDLE_IDENTIFIER = "com.krishna.ARKit-BeginnerUITests";
				PRODUCT_NAME = "$(TARGET_NAME)";
				SWIFT_VERSION = 5.0;
				TARGETED_DEVICE_FAMILY = "1,2";
				TEST_TARGET_NAME = "ARKit Beginner";
			};
			name = Release;
		};
/* End XCBuildConfiguration section */

/* Begin XCConfigurationList section */
		7436AA11264A68C4006E398E /* Build configuration list for PBXProject "ARKit Beginner" */ = {
			isa = XCConfigurationList;
			buildConfigurations = (
				7436AA3E264A68C8006E398E /* Debug */,
				7436AA3F264A68C8006E398E /* Release */,
			);
			defaultConfigurationIsVisible = 0;
			defaultConfigurationName = Release;
		};
		7436AA40264A68C8006E398E /* Build configuration list for PBXNativeTarget "ARKit Beginner" */ = {
			isa = XCConfigurationList;
			buildConfigurations = (
				7436AA41264A68C8006E398E /* Debug */,
				7436AA42264A68C8006E398E /* Release */,
			);
			defaultConfigurationIsVisible = 0;
			defaultConfigurationName = Release;
		};
		7436AA43264A68C8006E398E /* Build configuration list for PBXNativeTarget "ARKit BeginnerTests" */ = {
			isa = XCConfigurationList;
			buildConfigurations = (
				7436AA44264A68C8006E398E /* Debug */,
				7436AA45264A68C8006E398E /* Release */,
			);
			defaultConfigurationIsVisible = 0;
			defaultConfigurationName = Release;
		};
		7436AA46264A68C8006E398E /* Build configuration list for PBXNativeTarget "ARKit BeginnerUITests" */ = {
			isa = XCConfigurationList;
			buildConfigurations = (
				7436AA47264A68C8006E398E /* Debug */,
				7436AA48264A68C8006E398E /* Release */,
			);
			defaultConfigurationIsVisible = 0;
			defaultConfigurationName = Release;
		};
/* End XCConfigurationList section */
	};
	rootObject = 7436AA0E264A68C4006E398E /* Project object */;
}
